hash: dbb024122e3941910351bb39f78857e448b6be8f90ea6fed0c20153cb4aca274
updated: 2018-10-29T15:24:23.28621+02:00
imports:
- name: github.com/bmizerany/pat
  version: 6226ea591a40176dd3ff9cd8eff81ed6ca721a00
- name: github.com/concourse/atc
  version: 071f8bcda9cee4d597459e1302a57c695561d85d
  subpackages:
  - event
- name: github.com/concourse/fly
  version: 79616b2348f39c74b6e3290c585a24a0faac3e3b
  subpackages:
  - rc
  - ui
  - version
- name: github.com/concourse/go-concourse
  version: 79a832c54c62c957d666520937ee4a62b1af9efc
  subpackages:
  - concourse
  - concourse/eventstream
  - concourse/internal
- name: github.com/cppforlife/go-semi-semantic
  version: 576b6af77ae4f3ccef356902fb3b9a9ae22e0b11
  subpackages:
  - version
- name: github.com/fatih/color
  version: 3f9d52f7176a6927daacff70a3e8d1dc2025c53e
- name: github.com/golang/protobuf
  version: c65a0412e71e8b9b3bfd22925720d23c0f054237
  subpackages:
  - proto
- name: github.com/google/jsonapi
  version: e0fc4eed33051d6424c608a3db2f57a65217a185
- name: github.com/jessevdk/go-flags
  version: f88afde2fa19a30cf50ba4b05b3d13bc6bae3079
- name: github.com/mattn/go-colorable
  version: efa589957cd060542a26d2dd7832fd6a6c6c3ade
- name: github.com/mattn/go-isatty
  version: 3fb116b820352b7f0c281308a4d6250c22d94e27
- name: github.com/mitchellh/mapstructure
  version: b4575eea38cca1123ec2dc90c26529b5c5acfcff
- name: github.com/olekukonko/tablewriter
  version: 96aac992fc8b1a4c83841a6c3e7178d20d989625
- name: github.com/peterhellberg/link
  version: 8768c6d4dc563b4a09f58ecda04997024452c057
- name: github.com/tedsuo/rata
  version: 07d200713958d05692ac35aa8b5f1949342fee80
- name: github.com/urfave/cli
  version: 75104e932ac2ddb944a6ea19d9f9f26316ff1145
- name: github.com/vito/go-sse
  version: fd69d275caac5d78d793e77ddbe9bd2001d9b88d
  subpackages:
  - sse
- name: golang.org/x/net
  version: 0ed95abb35c445290478a5348a7b38bb154135fd
  subpackages:
  - context
  - context/ctxhttp
- name: golang.org/x/oauth2
  version: b28fcf2b08a19742b43084fb40ab78ac6c3d8067
  subpackages:
  - internal
- name: golang.org/x/sys
  version: 95b1ffbd15a57cc5abb3f04402b9e8ec0016a52c
  subpackages:
  - unix
- name: google.golang.org/appengine
  version: 5bee14b453b4c71be47ec1781b0fa61c2ea182db
  subpackages:
  - internal
  - internal/base
  - internal/datastore
  - internal/log
  - internal/remote_api
  - internal/urlfetch
  - urlfetch
- name: gopkg.in/yaml.v2
  version: d670f9405373e636a5a2765eea47fac0c9bc91a4
testImports: []
